
Microsoft Visual Studio Solution File, Format Version 12.00
# Visual Studio Version 17
VisualStudioVersion = 17.14.36401.2 d17.14
MinimumVisualStudioVersion = 10.0.40219.1
Project("{FAE04EC0-301F-11D3-BF4B-00C04F79EFBC}") = "BasicThreading", "BasicThreading\BasicThreading.csproj", "{BF847003-08FB-4603-B301-D6CC2F966A2B}"
EndProject
Global
	GlobalSection(SolutionConfigurationPlatforms) = preSolution
		Debug|Any CPU = Debug|Any CPU
		Release|Any CPU = Release|Any CPU
	EndGlobalSection
	GlobalSection(ProjectConfigurationPlatforms) = postSolution
		{BF847003-08FB-4603-B301-D6CC2F966A2B}.Debug|Any CPU.ActiveCfg = Debug|Any CPU
		{BF847003-08FB-4603-B301-D6CC2F966A2B}.Debug|Any CPU.Build.0 = Debug|Any CPU
		{BF847003-08FB-4603-B301-D6CC2F966A2B}.Release|Any CPU.ActiveCfg = Release|Any CPU
		{BF847003-08FB-4603-B301-D6CC2F966A2B}.Release|Any CPU.Build.0 = Release|Any CPU
	EndGlobalSection
	GlobalSection(SolutionProperties) = preSolution
		HideSolutionNode = FALSE
	EndGlobalSection
	GlobalSection(ExtensibilityGlobals) = postSolution
		SolutionGuid = {50739C1F-AF52-4411-AED6-D73777155D6A}
	EndGlobalSection
EndGlobal
